{
  "name": "install-smoke",
  "lockfileVersion": 3,
  "requires": true,
  "packages": {
    "": {
      "dependencies": {
        "lco-spec": "file:../../../../packages/spec-core"
      }
    },
    "node_modules/lco-spec": {
      "version": "0.1.0",
      "resolved": "file:../../../../packages/spec-core",
      "license": "MIT",
      "dependencies": {
        "zod": "^3.22.0"
      },
      "bin": {
        "lco": "dist/cli/index.js",
        "lco-mcp": "dist/mcp/server.js"
      },
      "engines": {
        "node": ">=22"
      }
    },
    "node_modules/zod": {
      "version": "3.25.76",
      "resolved": "https://registry.npmjs.org/zod/-/zod-3.25.76.tgz",
      "integrity": "sha512-gzUt/qt81nXsFGKIFcC3YnfEAx5NkunCfnDlvuBSSFS02bcXu4Lmea0AFIUwbLWxWPx3d9p8S5QoaujKcNQxcQ==",
      "license": "MIT",
      "funding": {
        "url": "https://github.com/sponsors/colinhacks"
      }
    }
  }
}
